
Microsoft Visual Studio Solution File, Format Version 12.00
# Visual Studio Version 17
VisualStudioVersion = 17.8.34408.163
MinimumVisualStudioVersion = 10.0.40219.1
Project("{9A19103F-16F7-4668-BE54-9A1E7A4F7556}") = "epita-74526-Blazor-Bikes", "epita-74526-Blazor-Bikes\epita-74526-Blazor-Bikes.csproj", "{1AEACF07-592B-455E-987A-01943959149C}"
EndProject
Global
	GlobalSection(SolutionConfigurationPlatforms) = preSolution
		Debug|Any CPU = Debug|Any CPU
		Release|Any CPU = Release|Any CPU
	EndGlobalSection
	GlobalSection(ProjectConfigurationPlatforms) = postSolution
		{1AEACF07-592B-455E-987A-01943959149C}.Debug|Any CPU.ActiveCfg = Debug|Any CPU
		{1AEACF07-592B-455E-987A-01943959149C}.Debug|Any CPU.Build.0 = Debug|Any CPU
		{1AEACF07-592B-455E-987A-01943959149C}.Release|Any CPU.ActiveCfg = Release|Any CPU
		{1AEACF07-592B-455E-987A-01943959149C}.Release|Any CPU.Build.0 = Release|Any CPU
	EndGlobalSection
	GlobalSection(SolutionProperties) = preSolution
		HideSolutionNode = FALSE
	EndGlobalSection
	GlobalSection(ExtensibilityGlobals) = postSolution
		SolutionGuid = {B4693B97-8C93-454A-9B0B-CD8144A15AB1}
	EndGlobalSection
EndGlobal
